// !$*UTF8*$!
{
	archiveVersion = 1;
	classes = {
	};
	objectVersion = 55;
	objects = {

/* Begin PBXBuildFile section */
		3417D042279B2219008A213A /* QuestionsViewController.swift in Sources */ = {isa = PBXBuildFile; fileRef = 3417D041279B2219008A213A /* QuestionsViewController.swift */; };
		3417D044279B222D008A213A /* ResultViewController.swift in Sources */ = {isa = PBXBuildFile; fileRef = 3417D043279B222D008A213A /* ResultViewController.swift */; };
		34937C522796FF97002EBFEB /* AppDelegate.swift in Sources */ = {isa = PBXBuildFile; fileRef = 34937C512796FF97002EBFEB /* AppDelegate.swift */; };
		34937C542796FF97002EBFEB /* SceneDelegate.swift in Sources */ = {isa = PBXBuildFile; fileRef = 34937C532796FF97002EBFEB /* SceneDelegate.swift */; };
		34937C562796FF97002EBFEB /* IntroductionViewController.swift in Sources */ = {isa = PBXBuildFile; fileRef = 34937C552796FF97002EBFEB /* IntroductionViewController.swift */; };
		34937C592796FF97002EBFEB /* Main.storyboard in Resources */ = {isa = PBXBuildFile; fileRef = 34937C572796FF97002EBFEB /* Main.storyboard */; };
		34937C5B2796FF98002EBFEB /* Assets.xcassets in Resources */ = {isa = PBXBuildFile; fileRef = 34937C5A2796FF98002EBFEB /* Assets.xcassets */; };
		34937C5E2796FF98002EBFEB /* LaunchScreen.storyboard in Resources */ = {isa = PBXBuildFile; fileRef = 34937C5C2796FF98002EBFEB /* LaunchScreen.storyboard */; };
		34937C6B27972701002EBFEB /* Question.swift in Sources */ = {isa = PBXBuildFile; fileRef = 34937C6A27972701002EBFEB /* Question.swift */; };
/* End PBXBuildFile section */

/* Begin PBXFileReference section */
		3417D041279B2219008A213A /* QuestionsViewController.swift */ = {isa = PBXFileReference; lastKnownFileType = sourcecode.swift; path = QuestionsViewController.swift; sourceTree = "<group>"; };
		3417D043279B222D008A213A /* ResultViewController.swift */ = {isa = PBXFileReference; lastKnownFileType = sourcecode.swift; path = ResultViewController.swift; sourceTree = "<group>"; };
		34937C4E2796FF97002EBFEB /* 2.4.app */ = {isa = PBXFileReference; explicitFileType = wrapper.application; includeInIndex = 0; path = 2.4.app; sourceTree = BUILT_PRODUCTS_DIR; };
		34937C512796FF97002EBFEB /* AppDelegate.swift */ = {isa = PBXFileReference; lastKnownFileType = sourcecode.swift; path = AppDelegate.swift; sourceTree = "<group>"; };
		34937C532796FF97002EBFEB /* SceneDelegate.swift */ = {isa = PBXFileReference; lastKnownFileType = sourcecode.swift; path = SceneDelegate.swift; sourceTree = "<group>"; };
		34937C552796FF97002EBFEB /* IntroductionViewController.swift */ = {isa = PBXFileReference; lastKnownFileType = sourcecode.swift; path = IntroductionViewController.swift; sourceTree = "<group>"; };
		34937C582796FF97002EBFEB /* Base */ = {isa = PBXFileReference; lastKnownFileType = file.storyboard; name = Base; path = Base.lproj/Main.storyboard; sourceTree = "<group>"; };
		34937C5A2796FF98002EBFEB /* Assets.xcassets */ = {isa = PBXFileReference; lastKnownFileType = folder.assetcatalog; path = Assets.xcassets; sourceTree = "<group>"; };
		34937C5D2796FF98002EBFEB /* Base */ = {isa = PBXFileReference; lastKnownFileType = file.storyboard; name = Base; path = Base.lproj/LaunchScreen.storyboard; sourceTree = "<group>"; };
		34937C5F2796FF98002EBFEB /* Info.plist */ = {isa = PBXFileReference; lastKnownFileType = text.plist.xml; path = Info.plist; sourceTree = "<group>"; };
		34937C6A27972701002EBFEB /* Question.swift */ = {isa = PBXFileReference; lastKnownFileType = sourcecode.swift; path = Question.swift; sourceTree = "<group>"; };
/* End PBXFileReference section */

/* Begin PBXFrameworksBuildPhase section */
		34937C4B2796FF97002EBFEB /* Frameworks */ = {
			isa = PBXFrameworksBuildPhase;
			buildActionMask = 2147483647;
			files = (
			);
			runOnlyForDeploymentPostprocessing = 0;
		};
/* End PBXFrameworksBuildPhase section */

/* Begin PBXGroup section */
		34937C452796FF97002EBFEB = {
			isa = PBXGroup;
			children = (
				34937C502796FF97002EBFEB /* 2.4 */,
				34937C672797246B002EBFEB /* Resources */,
				34937C68279724CC002EBFEB /* App */,
				34937C4F2796FF97002EBFEB /* Products */,
			);
			sourceTree = "<group>";
		};
		34937C4F2796FF97002EBFEB /* Products */ = {
			isa = PBXGroup;
			children = (
				34937C4E2796FF97002EBFEB /* 2.4.app */,
			);
			name = Products;
			sourceTree = "<group>";
		};
		34937C502796FF97002EBFEB /* 2.4 */ = {
			isa = PBXGroup;
			children = (
				34937C6927972593002EBFEB /* Models */,
				34937C6527972419002EBFEB /* ViewControllers */,
				34937C662797244F002EBFEB /* StoryBoards */,
			);
			path = 2.4;
			sourceTree = "<group>";
		};
		34937C6527972419002EBFEB /* ViewControllers */ = {
			isa = PBXGroup;
			children = (
				34937C552796FF97002EBFEB /* IntroductionViewController.swift */,
				3417D041279B2219008A213A /* QuestionsViewController.swift */,
				3417D043279B222D008A213A /* ResultViewController.swift */,
			);
			path = ViewControllers;
			sourceTree = "<group>";
		};
		34937C662797244F002EBFEB /* StoryBoards */ = {
			isa = PBXGroup;
			children = (
				34937C5C2796FF98002EBFEB /* LaunchScreen.storyboard */,
				34937C572796FF97002EBFEB /* Main.storyboard */,
			);
			path = StoryBoards;
			sourceTree = "<group>";
		};
		34937C672797246B002EBFEB /* Resources */ = {
			isa = PBXGroup;
			children = (
				34937C5A2796FF98002EBFEB /* Assets.xcassets */,
			);
			path = Resources;
			sourceTree = "<group>";
		};
		34937C68279724CC002EBFEB /* App */ = {
			isa = PBXGroup;
			children = (
				34937C5F2796FF98002EBFEB /* Info.plist */,
				34937C532796FF97002EBFEB /* SceneDelegate.swift */,
				34937C512796FF97002EBFEB /* AppDelegate.swift */,
			);
			path = App;
			sourceTree = "<group>";
		};
		34937C6927972593002EBFEB /* Models */ = {
			isa = PBXGroup;
			children = (
				34937C6A27972701002EBFEB /* Question.swift */,
			);
			path = Models;
			sourceTree = "<group>";
		};
/* End PBXGroup section */

/* Begin PBXNativeTarget section */
		34937C4D2796FF97002EBFEB /* 2.4 */ = {
			isa = PBXNativeTarget;
			buildConfigurationList = 34937C622796FF98002EBFEB /* Build configuration list for PBXNativeTarget "2.4" */;
			buildPhases = (
				34937C4A2796FF97002EBFEB /* Sources */,
				34937C4B2796FF97002EBFEB /* Frameworks */,
				34937C4C2796FF97002EBFEB /* Resources */,
			);
			buildRules = (
			);
			dependencies = (
			);
			name = 2.4;
			productName = 2.4;
			productReference = 34937C4E2796FF97002EBFEB /* 2.4.app */;
			productType = "com.apple.product-type.application";
		};
/* End PBXNativeTarget section */

/* Begin PBXProject section */
		34937C462796FF97002EBFEB /* Project object */ = {
			isa = PBXProject;
			attributes = {
				BuildIndependentTargetsInParallel = 1;
				LastSwiftUpdateCheck = 1320;
				LastUpgradeCheck = 1320;
				TargetAttributes = {
					34937C4D2796FF97002EBFEB = {
						CreatedOnToolsVersion = 13.2.1;
					};
				};
			};
			buildConfigurationList = 34937C492796FF97002EBFEB /* Build configuration list for PBXProject "2.4" */;
			compatibilityVersion = "Xcode 13.0";
			developmentRegion = en;
			hasScannedForEncodings = 0;
			knownRegions = (
				en,
				Base,
			);
			mainGroup = 34937C452796FF97002EBFEB;
			productRefGroup = 34937C4F2796FF97002EBFEB /* Products */;
			projectDirPath = "";
			projectRoot = "";
			targets = (
				34937C4D2796FF97002EBFEB /* 2.4 */,
			);
		};
/* End PBXProject section */

/* Begin PBXResourcesBuildPhase section */
		34937C4C2796FF97002EBFEB /* Resources */ = {
			isa = PBXResourcesBuildPhase;
			buildActionMask = 2147483647;
			files = (
				34937C5E2796FF98002EBFEB /* LaunchScreen.storyboard in Resources */,
				34937C5B2796FF98002EBFEB /* Assets.xcassets in Resources */,
				34937C592796FF97002EBFEB /* Main.storyboard in Resources */,
			);
			runOnlyForDeploymentPostprocessing = 0;
		};
/* End PBXResourcesBuildPhase section */

/* Begin PBXSourcesBuildPhase section */
		34937C4A2796FF97002EBFEB /* Sources */ = {
			isa = PBXSourcesBuildPhase;
			buildActionMask = 2147483647;
			files = (
				34937C562796FF97002EBFEB /* IntroductionViewController.swift in Sources */,
				3417D042279B2219008A213A /* QuestionsViewController.swift in Sources */,
				34937C6B27972701002EBFEB /* Question.swift in Sources */,
				34937C522796FF97002EBFEB /* AppDelegate.swift in Sources */,
				34937C542796FF97002EBFEB /* SceneDelegate.swift in Sources */,
				3417D044279B222D008A213A /* ResultViewController.swift in Sources */,
			);
			runOnlyForDeploymentPostprocessing = 0;
		};
/* End PBXSourcesBuildPhase section */

/* Begin PBXVariantGroup section */
		34937C572796FF97002EBFEB /* Main.storyboard */ = {
			isa = PBXVariantGroup;
			children = (
				34937C582796FF97002EBFEB /* Base */,
			);
			name = Main.storyboard;
			sourceTree = "<group>";
		};
		34937C5C2796FF98002EBFEB /* LaunchScreen.storyboard */ = {
			isa = PBXVariantGroup;
			children = (
				34937C5D2796FF98002EBFEB /* Base */,
			);
			name = LaunchScreen.storyboard;
			sourceTree = "<group>";
		};
/* End PBXVariantGroup section */

/* Begin XCBuildConfiguration section */
		34937C602796FF98002EBFEB /* Debug */ = {
			isa = XCBuildConfiguration;
			buildSettings = {
				ALWAYS_SEARCH_USER_PATHS = NO;
				CLANG_ANALYZER_NONNULL = YES;
				CLANG_ANALYZER_NUMBER_OBJECT_CONVERSION = YES_AGGRESSIVE;
				CLANG_CXX_LANGUAGE_STANDARD = "gnu++17";
				CLANG_CXX_LIBRARY = "libc++";
				CLANG_ENABLE_MODULES = YES;
				CLANG_ENABLE_OBJC_ARC = YES;
				CLANG_ENABLE_OBJC_WEAK = YES;
				CLANG_WARN_BLOCK_CAPTURE_AUTORELEASING = YES;
				CLANG_WARN_BOOL_CONVERSION = YES;
				CLANG_WARN_COMMA = YES;
				CLANG_WARN_CONSTANT_CONVERSION = YES;
				CLANG_WARN_DEPRECATED_OBJC_IMPLEMENTATIONS = YES;
				CLANG_WARN_DIRECT_OBJC_ISA_USAGE = YES_ERROR;
				CLANG_WARN_DOCUMENTATION_COMMENTS = YES;
				CLANG_WARN_EMPTY_BODY = YES;
				CLANG_WARN_ENUM_CONVERSION = YES;
				CLANG_WARN_INFINITE_RECURSION = YES;
				CLANG_WARN_INT_CONVERSION = YES;
				CLANG_WARN_NON_LITERAL_NULL_CONVERSION = YES;
				CLANG_WARN_OBJC_IMPLICIT_RETAIN_SELF = YES;
				CLANG_WARN_OBJC_LITERAL_CONVERSION = YES;
				CLANG_WARN_OBJC_ROOT_CLASS = YES_ERROR;
				CLANG_WARN_QUOTED_INCLUDE_IN_FRAMEWORK_HEADER = YES;
				CLANG_WARN_RANGE_LOOP_ANALYSIS = YES;
				CLANG_WARN_STRICT_PROTOTYPES = YES;
				CLANG_WARN_SUSPICIOUS_MOVE = YES;
				CLANG_WARN_UNGUARDED_AVAILABILITY = YES_AGGRESSIVE;
				CLANG_WARN_UNREACHABLE_CODE = YES;
				CLANG_WARN__DUPLICATE_METHOD_MATCH = YES;
				COPY_PHASE_STRIP = NO;
				DEBUG_INFORMATION_FORMAT = dwarf;
				ENABLE_STRICT_OBJC_MSGSEND = YES;
				ENABLE_TESTABILITY = YES;
				GCC_C_LANGUAGE_STANDARD = gnu11;
				GCC_DYNAMIC_NO_PIC = NO;
				GCC_NO_COMMON_BLOCKS = YES;
				GCC_OPTIMIZATION_LEVEL = 0;
				GCC_PREPROCESSOR_DEFINITIONS = (
					"DEBUG=1",
					"$(inherited)",
				);
				GCC_WARN_64_TO_32_BIT_CONVERSION = YES;
				GCC_WARN_ABOUT_RETURN_TYPE = YES_ERROR;
				GCC_WARN_UNDECLARED_SELECTOR = YES;
				GCC_WARN_UNINITIALIZED_AUTOS = YES_AGGRESSIVE;
				GCC_WARN_UNUSED_FUNCTION = YES;
				GCC_WARN_UNUSED_VARIABLE = YES;
				IPHONEOS_DEPLOYMENT_TARGET = 15.2;
				MTL_ENABLE_DEBUG_INFO = INCLUDE_SOURCE;
				MTL_FAST_MATH = YES;
				ONLY_ACTIVE_ARCH = YES;
				SDKROOT = iphoneos;
				SWIFT_ACTIVE_COMPILATION_CONDITIONS = DEBUG;
				SWIFT_OPTIMIZATION_LEVEL = "-Onone";
			};
			name = Debug;
		};
		34937C612796FF98002EBFEB /* Release */ = {
			isa = XCBuildConfiguration;
			buildSettings = {
				ALWAYS_SEARCH_USER_PATHS = NO;
				CLANG_ANALYZER_NONNULL = YES;
				CLANG_ANALYZER_NUMBER_OBJECT_CONVERSION = YES_AGGRESSIVE;
				CLANG_CXX_LANGUAGE_STANDARD = "gnu++17";
				CLANG_CXX_LIBRARY = "libc++";
				CLANG_ENABLE_MODULES = YES;
				CLANG_ENABLE_OBJC_ARC = YES;
				CLANG_ENABLE_OBJC_WEAK = YES;
				CLANG_WARN_BLOCK_CAPTURE_AUTORELEASING = YES;
				CLANG_WARN_BOOL_CONVERSION = YES;
				CLANG_WARN_COMMA = YES;
				CLANG_WARN_CONSTANT_CONVERSION = YES;
				CLANG_WARN_DEPRECATED_OBJC_IMPLEMENTATIONS = YES;
				CLANG_WARN_DIRECT_OBJC_ISA_USAGE = YES_ERROR;
				CLANG_WARN_DOCUMENTATION_COMMENTS = YES;
				CLANG_WARN_EMPTY_BODY = YES;
				CLANG_WARN_ENUM_CONVERSION = YES;
				CLANG_WARN_INFINITE_RECURSION = YES;
				CLANG_WARN_INT_CONVERSION = YES;
				CLANG_WARN_NON_LITERAL_NULL_CONVERSION = YES;
				CLANG_WARN_OBJC_IMPLICIT_RETAIN_SELF = YES;
				CLANG_WARN_OBJC_LITERAL_CONVERSION = YES;
				CLANG_WARN_OBJC_ROOT_CLASS = YES_ERROR;
				CLANG_WARN_QUOTED_INCLUDE_IN_FRAMEWORK_HEADER = YES;
				CLANG_WARN_RANGE_LOOP_ANALYSIS = YES;
				CLANG_WARN_STRICT_PROTOTYPES = YES;
				CLANG_WARN_SUSPICIOUS_MOVE = YES;
				CLANG_WARN_UNGUARDED_AVAILABILITY = YES_AGGRESSIVE;
				CLANG_WARN_UNREACHABLE_CODE = YES;
				CLANG_WARN__DUPLICATE_METHOD_MATCH = YES;
				COPY_PHASE_STRIP = NO;
				DEBUG_INFORMATION_FORMAT = "dwarf-with-dsym";
				ENABLE_NS_ASSERTIONS = NO;
				ENABLE_STRICT_OBJC_MSGSEND = YES;
				GCC_C_LANGUAGE_STANDARD = gnu11;
				GCC_NO_COMMON_BLOCKS = YES;
				GCC_WARN_64_TO_32_BIT_CONVERSION = YES;
				GCC_WARN_ABOUT_RETURN_TYPE = YES_ERROR;
				GCC_WARN_UNDECLARED_SELECTOR = YES;
				GCC_WARN_UNINITIALIZED_AUTOS = YES_AGGRESSIVE;
				GCC_WARN_UNUSED_FUNCTION = YES;
				GCC_WARN_UNUSED_VARIABLE = YES;
				IPHONEOS_DEPLOYMENT_TARGET = 15.2;
				MTL_ENABLE_DEBUG_INFO = NO;
				MTL_FAST_MATH = YES;
				SDKROOT = iphoneos;
				SWIFT_COMPILATION_MODE = wholemodule;
				SWIFT_OPTIMIZATION_LEVEL = "-O";
				VALIDATE_PRODUCT = YES;
			};
			name = Release;
		};
		34937C632796FF98002EBFEB /* Debug */ = {
			isa = XCBuildConfiguration;
			buildSettings = {
				ASSETCATALOG_COMPILER_APPICON_NAME = AppIcon;
				ASSETCATALOG_COMPILER_GLOBAL_ACCENT_COLOR_NAME = AccentColor;
				CODE_SIGN_STYLE = Automatic;
				CURRENT_PROJECT_VERSION = 1;
				GENERATE_INFOPLIST_FILE = YES;
				INFOPLIST_FILE = 2.4/App/Info.plist;
				INFOPLIST_KEY_CFBundleDisplayName = 2.4;
				INFOPLIST_KEY_UIApplicationSupportsIndirectInputEvents = YES;
				INFOPLIST_KEY_UILaunchStoryboardName = LaunchScreen;
				INFOPLIST_KEY_UIMainStoryboardFile = Main;
				INFOPLIST_KEY_UISupportedInterfaceOrientations = "UIInterfaceOrientationPortrait UIInterfaceOrientationLandscapeLeft UIInterfaceOrientationLandscapeRight";
				INFOPLIST_KEY_UISupportedInterfaceOrientations_iPad = "UIInterfaceOrientationPortrait UIInterfaceOrientationPortraitUpsideDown UIInterfaceOrientationLandscapeLeft UIInterfaceOrientationLandscapeRight";
				INFOPLIST_KEY_UISupportedInterfaceOrientations_iPhone = "UIInterfaceOrientationPortrait UIInterfaceOrientationLandscapeLeft UIInterfaceOrientationLandscapeRight";
				LD_RUNPATH_SEARCH_PATHS = (
					"$(inherited)",
					"@executable_path/Frameworks",
				);
				MARKETING_VERSION = 1.0;
				PRODUCT_BUNDLE_IDENTIFIER = Iam.2.4;
				PRODUCT_NAME = "$(TARGET_NAME)";
				SWIFT_EMIT_LOC_STRINGS = YES;
				SWIFT_VERSION = 5.0;
				TARGETED_DEVICE_FAMILY = 1;
			};
			name = Debug;
		};
		34937C642796FF98002EBFEB /* Release */ = {
			isa = XCBuildConfiguration;
			buildSettings = {
				ASSETCATALOG_COMPILER_APPICON_NAME = AppIcon;
				ASSETCATALOG_COMPILER_GLOBAL_ACCENT_COLOR_NAME = AccentColor;
				CODE_SIGN_STYLE = Automatic;
				CURRENT_PROJECT_VERSION = 1;
				GENERATE_INFOPLIST_FILE = YES;
				INFOPLIST_FILE = 2.4/App/Info.plist;
				INFOPLIST_KEY_CFBundleDisplayName = 2.4;
				INFOPLIST_KEY_UIApplicationSupportsIndirectInputEvents = YES;
				INFOPLIST_KEY_UILaunchStoryboardName = LaunchScreen;
				INFOPLIST_KEY_UIMainStoryboardFile = Main;
				INFOPLIST_KEY_UISupportedInterfaceOrientations = "UIInterfaceOrientationPortrait UIInterfaceOrientationLandscapeLeft UIInterfaceOrientationLandscapeRight";
				INFOPLIST_KEY_UISupportedInterfaceOrientations_iPad = "UIInterfaceOrientationPortrait UIInterfaceOrientationPortraitUpsideDown UIInterfaceOrientationLandscapeLeft UIInterfaceOrientationLandscapeRight";
				INFOPLIST_KEY_UISupportedInterfaceOrientations_iPhone = "UIInterfaceOrientationPortrait UIInterfaceOrientationLandscapeLeft UIInterfaceOrientationLandscapeRight";
				LD_RUNPATH_SEARCH_PATHS = (
					"$(inherited)",
					"@executable_path/Frameworks",
				);
				MARKETING_VERSION = 1.0;
				PRODUCT_BUNDLE_IDENTIFIER = Iam.2.4;
				PRODUCT_NAME = "$(TARGET_NAME)";
				SWIFT_EMIT_LOC_STRINGS = YES;
				SWIFT_VERSION = 5.0;
				TARGETED_DEVICE_FAMILY = 1;
			};
			name = Release;
		};
/* End XCBuildConfiguration section */

/* Begin XCConfigurationList section */
		34937C492796FF97002EBFEB /* Build configuration list for PBXProject "2.4" */ = {
			isa = XCConfigurationList;
			buildConfigurations = (
				34937C602796FF98002EBFEB /* Debug */,
				34937C612796FF98002EBFEB /* Release */,
			);
			defaultConfigurationIsVisible = 0;
			defaultConfigurationName = Release;
		};
		34937C622796FF98002EBFEB /* Build configuration list for PBXNativeTarget "2.4" */ = {
			isa = XCConfigurationList;
			buildConfigurations = (
				34937C632796FF98002EBFEB /* Debug */,
				34937C642796FF98002EBFEB /* Release */,
			);
			defaultConfigurationIsVisible = 0;
			defaultConfigurationName = Release;
		};
/* End XCConfigurationList section */
	};
	rootObject = 34937C462796FF97002EBFEB /* Project object */;
}
